
Microsoft Visual Studio Solution File, Format Version 12.00
# Visual Studio 15
VisualStudioVersion = 15.0.27130.2036
MinimumVisualStudioVersion = 10.0.40219.1
Project("{9A19103F-16F7-4668-BE54-9A1E7A4F7556}") = "EchoBot", "EchoBot\EchoBot.csproj", "{E2444372-8580-487D-92E9-F3642F3BD4CD}"
EndProject
Global
	GlobalSection(SolutionConfigurationPlatforms) = preSolution
		Debug|Any CPU = Debug|Any CPU
		Release|Any CPU = Release|Any CPU
	EndGlobalSection
	GlobalSection(ProjectConfigurationPlatforms) = postSolution
		{E2444372-8580-487D-92E9-F3642F3BD4CD}.Debug|Any CPU.ActiveCfg = Debug|Any CPU
		{E2444372-8580-487D-92E9-F3642F3BD4CD}.Debug|Any CPU.Build.0 = Debug|Any CPU
		{E2444372-8580-487D-92E9-F3642F3BD4CD}.Release|Any CPU.ActiveCfg = Release|Any CPU
		{E2444372-8580-487D-92E9-F3642F3BD4CD}.Release|Any CPU.Build.0 = Release|Any CPU
	EndGlobalSection
	GlobalSection(SolutionProperties) = preSolution
		HideSolutionNode = FALSE
	EndGlobalSection
	GlobalSection(ExtensibilityGlobals) = postSolution
		SolutionGuid = {CB1DC28B-9962-46BF-8CBE-253C7365451A}
	EndGlobalSection
EndGlobal
